
Microsoft Visual Studio Solution File, Format Version 12.00
# Visual Studio Version 16
VisualStudioVersion = 16.0.33130.400
MinimumVisualStudioVersion = 10.0.40219.1
Project("{FAE04EC0-301F-11D3-BF4B-00C04F79EFBC}") = "Ecommerce", "Ecommerce\Ecommerce.csproj", "{6624B061-7047-47CD-88D7-0EAFCAC8EAA2}"
EndProject
Global
	GlobalSection(SolutionConfigurationPlatforms) = preSolution
		Debug|Any CPU = Debug|Any CPU
		Release|Any CPU = Release|Any CPU
	EndGlobalSection
	GlobalSection(ProjectConfigurationPlatforms) = postSolution
		{6624B061-7047-47CD-88D7-0EAFCAC8EAA2}.Debug|Any CPU.ActiveCfg = Debug|Any CPU
		{6624B061-7047-47CD-88D7-0EAFCAC8EAA2}.Debug|Any CPU.Build.0 = Debug|Any CPU
		{6624B061-7047-47CD-88D7-0EAFCAC8EAA2}.Release|Any CPU.ActiveCfg = Release|Any CPU
		{6624B061-7047-47CD-88D7-0EAFCAC8EAA2}.Release|Any CPU.Build.0 = Release|Any CPU
	EndGlobalSection
	GlobalSection(SolutionProperties) = preSolution
		HideSolutionNode = FALSE
	EndGlobalSection
	GlobalSection(ExtensibilityGlobals) = postSolution
		SolutionGuid = {CD13F253-77EB-43EE-8C66-E7FAB6167FE1}
	EndGlobalSection
EndGlobal
